github.com/pkg/errors v0.9.1 h1:FEBLx1zS214owpjy7qsBeixbURkuhQAwrK5UwLGTwt4=
github.com/pkg/errors v0.9.1/go.mod h1:bwawxfHBFNV+L2hUp1rHADufV3IMtnDRdf1r5NINEl0=
github.com/rupertchen/go-bits v0.2.0 h1:B5+B70H4vWgwMppvo3wiYtwgN1j9m2nD9DJnnMqGcbQ=
github.com/rupertchen/go-bits v0.2.0/go.mod h1:V1n1fOC+mPsmLRcRQ5Esgi7CMdsPNeWNz4nVGm+DMJc=
